{
  "name": "mysql-doc",
  "version": "0.0.1",
  "lockfileVersion": 1,
  "requires": true,
  "dependencies": {
    "adler-32": {
      "version": "1.2.0",
      "resolved": "http://registry.npm.taobao.org/adler-32/download/adler-32-1.2.0.tgz",
      "integrity": "sha1-aj5r8KY5ALoVZSgIyxXGgT0aXyU=",
      "requires": {
        "exit-on-epipe": "1.0.1",
        "printj": "1.1.2"
      }
    },
    "async": {
      "version": "2.6.0",
      "resolved": "http://registry.npm.taobao.org/async/download/async-2.6.0.tgz",
      "integrity": "sha1-YaKau2/MAm/qd+VtHG7FOnlZUfQ=",
      "requires": {
        "lodash": "4.17.5"
      }
    },
    "bignumber.js": {
      "version": "4.0.4",
      "resolved": "http://registry.npm.taobao.org/bignumber.js/download/bignumber.js-4.0.4.tgz",
      "integrity": "sha1-fED1q80tZiOre5loLufbgbEYiaQ="
    },
    "cfb": {
      "version": "1.0.5",
      "resolved": "http://registry.npm.taobao.org/cfb/download/cfb-1.0.5.tgz",
      "integrity": "sha1-X3zy/LOF3UHbJxzx8oqD/NcFvwY=",
      "requires": {
        "commander": "2.14.1",
        "printj": "1.1.2"
      }
    },
    "codepage": {
      "version": "1.12.2",
      "resolved": "http://registry.npm.taobao.org/codepage/download/codepage-1.12.2.tgz",
      "integrity": "sha1-/UQkRIyL8dtdfgH57PnoNGWCoZU=",
      "requires": {
        "commander": "2.14.1",
        "exit-on-epipe": "1.0.1"
      }
    },
    "commander": {
      "version": "2.14.1",
      "resolved": "http://registry.npm.taobao.org/commander/download/commander-2.14.1.tgz",
      "integrity": "sha1-IjUSPjevjKPGXfRbAm29NXsBuao="
    },
    "core-util-is": {
      "version": "1.0.2",
      "resolved": "http://registry.npm.taobao.org/core-util-is/download/core-util-is-1.0.2.tgz",
      "integrity": "sha1-tf1UIgqivFq1eqtxQMlAdUUDwac="
    },
    "crc-32": {
      "version": "1.2.0",
      "resolved": "http://registry.npm.taobao.org/crc-32/download/crc-32-1.2.0.tgz",
      "integrity": "sha1-yy224puIUI4y2d0OwWk+e0Ghggg=",
      "requires": {
        "exit-on-epipe": "1.0.1",
        "printj": "1.1.2"
      }
    },
    "exit-on-epipe": {
      "version": "1.0.1",
      "resolved": "http://registry.npm.taobao.org/exit-on-epipe/download/exit-on-epipe-1.0.1.tgz",
      "integrity": "sha1-C92S6H1ShdJn2qgXHQ6wYVlolpI="
    },
    "frac": {
      "version": "1.1.2",
      "resolved": "http://registry.npm.taobao.org/frac/download/frac-1.1.2.tgz",
      "integrity": "sha1-PXT39keMiKG1AgMG10fcYxPHTQs="
    },
    "inherits": {
      "version": "2.0.3",
      "resolved": "http://registry.npm.taobao.org/inherits/download/inherits-2.0.3.tgz",
      "integrity": "sha1-Yzwsg+PaQqUC9SRmAiSA9CCCYd4="
    },
    "isarray": {
      "version": "1.0.0",
      "resolved": "http://registry.npm.taobao.org/isarray/download/isarray-1.0.0.tgz",
      "integrity": "sha1-u5NdSFgsuhaMBoNJV6VKPgcSTxE="
    },
    "lodash": {
      "version": "4.17.5",
      "resolved": "http://registry.npm.taobao.org/lodash/download/lodash-4.17.5.tgz",
      "integrity": "sha1-maktZcAnLevoyWtgV7yPv6O+1RE="
    },
    "mysql": {
      "version": "2.15.0",
      "resolved": "http://registry.npm.taobao.org/mysql/download/mysql-2.15.0.tgz",
      "integrity": "sha1-6haEEVY0Po8uR/yJhexBzdlXO1w=",
      "requires": {
        "bignumber.js": "4.0.4",
        "readable-stream": "2.3.3",
        "safe-buffer": "5.1.1",
        "sqlstring": "2.3.0"
      }
    },
    "printj": {
      "version": "1.1.2",
      "resolved": "http://registry.npm.taobao.org/printj/download/printj-1.1.2.tgz",
      "integrity": "sha1-2Q3rKXWoufYA+zoclOP0xTx4oiI="
    },
    "process-nextick-args": {
      "version": "1.0.7",
      "resolved": "http://registry.npm.taobao.org/process-nextick-args/download/process-nextick-args-1.0.7.tgz",
      "integrity": "sha1-FQ4gt1ZZCtP5EJPyWk8q2L/zC6M="
    },
    "readable-stream": {
      "version": "2.3.3",
      "resolved": "http://registry.npm.taobao.org/readable-stream/download/readable-stream-2.3.3.tgz",
      "integrity": "sha1-No8lEtefnUb9/HE0mueHi7weuVw=",
      "requires": {
        "core-util-is": "1.0.2",
        "inherits": "2.0.3",
        "isarray": "1.0.0",
        "process-nextick-args": "1.0.7",
        "safe-buffer": "5.1.1",
        "string_decoder": "1.0.3",
        "util-deprecate": "1.0.2"
      }
    },
    "safe-buffer": {
      "version": "5.1.1",
      "resolved": "http://registry.npm.taobao.org/safe-buffer/download/safe-buffer-5.1.1.tgz",
      "integrity": "sha1-iTMSr2myEj3vcfV4iQAWce6yyFM="
    },
    "sqlstring": {
      "version": "2.3.0",
      "resolved": "http://registry.npm.taobao.org/sqlstring/download/sqlstring-2.3.0.tgz",
      "integrity": "sha1-UluKT9Jtb3GqYegipsr5dtMa0qg="
    },
    "ssf": {
      "version": "0.10.2",
      "resolved": "http://registry.npm.taobao.org/ssf/download/ssf-0.10.2.tgz",
      "integrity": "sha1-ZbK0/N/ZZ7yOg4OkE0kAmJMRWXY=",
      "requires": {
        "frac": "1.1.2"
      }
    },
    "string_decoder": {
      "version": "1.0.3",
      "resolved": "http://registry.npm.taobao.org/string_decoder/download/string_decoder-1.0.3.tgz",
      "integrity": "sha1-D8Z9fBQYJd6UKC3VNr7GubzoYKs=",
      "requires": {
        "safe-buffer": "5.1.1"
      }
    },
    "util-deprecate": {
      "version": "1.0.2",
      "resolved": "http://registry.npm.taobao.org/util-deprecate/download/util-deprecate-1.0.2.tgz",
      "integrity": "sha1-RQ1Nyfpw3nMnYvvS1KKJgUGaDM8="
    },
    "xlsx": {
      "version": "0.12.5",
      "resolved": "http://registry.npm.taobao.org/xlsx/download/xlsx-0.12.5.tgz",
      "integrity": "sha1-iDDnVZb+IiwIw91opAgM69mmeLM=",
      "requires": {
        "adler-32": "1.2.0",
        "cfb": "1.0.5",
        "codepage": "1.12.2",
        "commander": "2.14.1",
        "crc-32": "1.2.0",
        "exit-on-epipe": "1.0.1",
        "ssf": "0.10.2"
      }
    }
  }
}
